
Microsoft Visual Studio Solution File, Format Version 12.00
# Visual Studio 15
VisualStudioVersion = 15.0.28307.960
MinimumVisualStudioVersion = 10.0.40219.1
Project("{FAE04EC0-301F-11D3-BF4B-00C04F79EFBC}") = "EbubekirBastamatxtokuma", "EbubekirBastamatxtokuma\EbubekirBastamatxtokuma.csproj", "{CF5E5AE8-EDB8-4EAC-9EF2-7584386C2001}"
EndProject
Global
	GlobalSection(SolutionConfigurationPlatforms) = preSolution
		Debug|Any CPU = Debug|Any CPU
		Release|Any CPU = Release|Any CPU
	EndGlobalSection
	GlobalSection(ProjectConfigurationPlatforms) = postSolution
		{CF5E5AE8-EDB8-4EAC-9EF2-7584386C2001}.Debug|Any CPU.ActiveCfg = Debug|Any CPU
		{CF5E5AE8-EDB8-4EAC-9EF2-7584386C2001}.Debug|Any CPU.Build.0 = Debug|Any CPU
		{CF5E5AE8-EDB8-4EAC-9EF2-7584386C2001}.Release|Any CPU.ActiveCfg = Release|Any CPU
		{CF5E5AE8-EDB8-4EAC-9EF2-7584386C2001}.Release|Any CPU.Build.0 = Release|Any CPU
	EndGlobalSection
	GlobalSection(SolutionProperties) = preSolution
		HideSolutionNode = FALSE
	EndGlobalSection
	GlobalSection(ExtensibilityGlobals) = postSolution
		SolutionGuid = {700CC1C5-B400-4CAD-A4E3-865D8C2A60D7}
	EndGlobalSection
EndGlobal
